
Microsoft Visual Studio Solution File, Format Version 12.00
# Visual Studio Version 16
VisualStudioVersion = 16.0.31729.503
MinimumVisualStudioVersion = 10.0.40219.1
Project("{9A19103F-16F7-4668-BE54-9A1E7A4F7556}") = "Business", "Business\Business.csproj", "{8312C3C6-4C5A-4D40-930A-C70BF21D0453}"
EndProject
Project("{9A19103F-16F7-4668-BE54-9A1E7A4F7556}") = "DataAccess", "DataAccess\DataAccess.csproj", "{452BB060-DA97-4792-A487-7BFDB51467A1}"
EndProject
Project("{9A19103F-16F7-4668-BE54-9A1E7A4F7556}") = "Entities", "Entities\Entities.csproj", "{2EB44EA1-3FC4-4F43-A6D6-9273B9972C43}"
EndProject
Project("{9A19103F-16F7-4668-BE54-9A1E7A4F7556}") = "Core", "Core\Core.csproj", "{361F6B52-5A79-4212-A9B7-DCD6C2BF7849}"
EndProject
Project("{9A19103F-16F7-4668-BE54-9A1E7A4F7556}") = "WebAPI", "WebAPI\WebAPI.csproj", "{F34E2682-17B8-4080-A397-B83FDA094753}"
EndProject
Global
	GlobalSection(SolutionConfigurationPlatforms) = preSolution
		Debug|Any CPU = Debug|Any CPU
		Release|Any CPU = Release|Any CPU
	EndGlobalSection
	GlobalSection(ProjectConfigurationPlatforms) = postSolution
		{8312C3C6-4C5A-4D40-930A-C70BF21D0453}.Debug|Any CPU.ActiveCfg = Debug|Any CPU
		{8312C3C6-4C5A-4D40-930A-C70BF21D0453}.Debug|Any CPU.Build.0 = Debug|Any CPU
		{8312C3C6-4C5A-4D40-930A-C70BF21D0453}.Release|Any CPU.ActiveCfg = Release|Any CPU
		{8312C3C6-4C5A-4D40-930A-C70BF21D0453}.Release|Any CPU.Build.0 = Release|Any CPU
		{452BB060-DA97-4792-A487-7BFDB51467A1}.Debug|Any CPU.ActiveCfg = Debug|Any CPU
		{452BB060-DA97-4792-A487-7BFDB51467A1}.Debug|Any CPU.Build.0 = Debug|Any CPU
		{452BB060-DA97-4792-A487-7BFDB51467A1}.Release|Any CPU.ActiveCfg = Release|Any CPU
		{452BB060-DA97-4792-A487-7BFDB51467A1}.Release|Any CPU.Build.0 = Release|Any CPU
		{2EB44EA1-3FC4-4F43-A6D6-9273B9972C43}.Debug|Any CPU.ActiveCfg = Debug|Any CPU
		{2EB44EA1-3FC4-4F43-A6D6-9273B9972C43}.Debug|Any CPU.Build.0 = Debug|Any CPU
		{2EB44EA1-3FC4-4F43-A6D6-9273B9972C43}.Release|Any CPU.ActiveCfg = Release|Any CPU
		{2EB44EA1-3FC4-4F43-A6D6-9273B9972C43}.Release|Any CPU.Build.0 = Release|Any CPU
		{361F6B52-5A79-4212-A9B7-DCD6C2BF7849}.Debug|Any CPU.ActiveCfg = Debug|Any CPU
		{361F6B52-5A79-4212-A9B7-DCD6C2BF7849}.Debug|Any CPU.Build.0 = Debug|Any CPU
		{361F6B52-5A79-4212-A9B7-DCD6C2BF7849}.Release|Any CPU.ActiveCfg = Release|Any CPU
		{361F6B52-5A79-4212-A9B7-DCD6C2BF7849}.Release|Any CPU.Build.0 = Release|Any CPU
		{F34E2682-17B8-4080-A397-B83FDA094753}.Debug|Any CPU.ActiveCfg = Debug|Any CPU
		{F34E2682-17B8-4080-A397-B83FDA094753}.Debug|Any CPU.Build.0 = Debug|Any CPU
		{F34E2682-17B8-4080-A397-B83FDA094753}.Release|Any CPU.ActiveCfg = Release|Any CPU
		{F34E2682-17B8-4080-A397-B83FDA094753}.Release|Any CPU.Build.0 = Release|Any CPU
	EndGlobalSection
	GlobalSection(SolutionProperties) = preSolution
		HideSolutionNode = FALSE
	EndGlobalSection
	GlobalSection(ExtensibilityGlobals) = postSolution
		SolutionGuid = {3B87D177-D2A3-4C6E-8522-2B8183DA585F}
	EndGlobalSection
EndGlobal
